
Microsoft Visual Studio Solution File, Format Version 12.00
# Visual Studio Version 17
VisualStudioVersion = 17.0.31903.59
MinimumVisualStudioVersion = 10.0.40219.1
Project("{2150E333-8FDC-42A3-9474-1A3956D46DE8}") = "gateway", "gateway", "{E7BDDBC6-9FD1-D1D7-ACD8-2C4F8E3D2461}"
EndProject
Project("{FAE04EC0-301F-11D3-BF4B-00C04F79EFBC}") = "TicketBooking.Gateway", "gateway\TicketBooking.Gateway\TicketBooking.Gateway.csproj", "{97A27E2B-2D5F-4A33-BA11-399E06BA696D}"
EndProject
Project("{2150E333-8FDC-42A3-9474-1A3956D46DE8}") = "services", "services", "{5854FF58-B8C5-05C6-5BF2-ACE42193F22B}"
EndProject
Project("{FAE04EC0-301F-11D3-BF4B-00C04F79EFBC}") = "TicketBooking.BookingService", "services\TicketBooking.BookingService\TicketBooking.BookingService.csproj", "{A6237B8E-0AA1-4610-98C7-1DCC154A1535}"
EndProject
Project("{FAE04EC0-301F-11D3-BF4B-00C04F79EFBC}") = "TicketBooking.EventService", "services\TicketBooking.EventService\TicketBooking.EventService.csproj", "{54478C9C-CBDC-4796-94A7-47072453596E}"
EndProject
Project("{FAE04EC0-301F-11D3-BF4B-00C04F79EFBC}") = "TicketBooking.NotificationService", "services\TicketBooking.NotificationService\TicketBooking.NotificationService.csproj", "{1EB0ECAF-4A63-4C01-B715-530CE280F5EF}"
EndProject
Project("{FAE04EC0-301F-11D3-BF4B-00C04F79EFBC}") = "TicketBooking.PaymentService", "services\TicketBooking.PaymentService\TicketBooking.PaymentService.csproj", "{D6E4D02F-4EE0-4533-B8DC-C84DBEAAD232}"
EndProject
Project("{FAE04EC0-301F-11D3-BF4B-00C04F79EFBC}") = "TicketBooking.UserService", "services\TicketBooking.UserService\TicketBooking.UserService.csproj", "{720AF028-DC26-4A46-A260-7E54C8FDD7C8}"
EndProject
Project("{2150E333-8FDC-42A3-9474-1A3956D46DE8}") = "shared", "shared", "{4F52FD11-658E-A102-6CD3-7D7C16FFA15B}"
EndProject
Project("{FAE04EC0-301F-11D3-BF4B-00C04F79EFBC}") = "TicketBooking.Shared", "shared\TicketBooking.Shared\TicketBooking.Shared.csproj", "{623BD6B1-03D9-41ED-A05B-FA1001C8749A}"
EndProject
Global
	GlobalSection(SolutionConfigurationPlatforms) = preSolution
		Debug|Any CPU = Debug|Any CPU
		Debug|x64 = Debug|x64
		Debug|x86 = Debug|x86
		Release|Any CPU = Release|Any CPU
		Release|x64 = Release|x64
		Release|x86 = Release|x86
	EndGlobalSection
	GlobalSection(ProjectConfigurationPlatforms) = postSolution
		{97A27E2B-2D5F-4A33-BA11-399E06BA696D}.Debug|Any CPU.ActiveCfg = Debug|Any CPU
		{97A27E2B-2D5F-4A33-BA11-399E06BA696D}.Debug|Any CPU.Build.0 = Debug|Any CPU
		{97A27E2B-2D5F-4A33-BA11-399E06BA696D}.Debug|x64.ActiveCfg = Debug|Any CPU
		{97A27E2B-2D5F-4A33-BA11-399E06BA696D}.Debug|x64.Build.0 = Debug|Any CPU
		{97A27E2B-2D5F-4A33-BA11-399E06BA696D}.Debug|x86.ActiveCfg = Debug|Any CPU
		{97A27E2B-2D5F-4A33-BA11-399E06BA696D}.Debug|x86.Build.0 = Debug|Any CPU
		{97A27E2B-2D5F-4A33-BA11-399E06BA696D}.Release|Any CPU.ActiveCfg = Release|Any CPU
		{97A27E2B-2D5F-4A33-BA11-399E06BA696D}.Release|Any CPU.Build.0 = Release|Any CPU
		{97A27E2B-2D5F-4A33-BA11-399E06BA696D}.Release|x64.ActiveCfg = Release|Any CPU
		{97A27E2B-2D5F-4A33-BA11-399E06BA696D}.Release|x64.Build.0 = Release|Any CPU
		{97A27E2B-2D5F-4A33-BA11-399E06BA696D}.Release|x86.ActiveCfg = Release|Any CPU
		{97A27E2B-2D5F-4A33-BA11-399E06BA696D}.Release|x86.Build.0 = Release|Any CPU
		{A6237B8E-0AA1-4610-98C7-1DCC154A1535}.Debug|Any CPU.ActiveCfg = Debug|Any CPU
		{A6237B8E-0AA1-4610-98C7-1DCC154A1535}.Debug|Any CPU.Build.0 = Debug|Any CPU
		{A6237B8E-0AA1-4610-98C7-1DCC154A1535}.Debug|x64.ActiveCfg = Debug|Any CPU
		{A6237B8E-0AA1-4610-98C7-1DCC154A1535}.Debug|x64.Build.0 = Debug|Any CPU
		{A6237B8E-0AA1-4610-98C7-1DCC154A1535}.Debug|x86.ActiveCfg = Debug|Any CPU
		{A6237B8E-0AA1-4610-98C7-1DCC154A1535}.Debug|x86.Build.0 = Debug|Any CPU
		{A6237B8E-0AA1-4610-98C7-1DCC154A1535}.Release|Any CPU.ActiveCfg = Release|Any CPU
		{A6237B8E-0AA1-4610-98C7-1DCC154A1535}.Release|Any CPU.Build.0 = Release|Any CPU
		{A6237B8E-0AA1-4610-98C7-1DCC154A1535}.Release|x64.ActiveCfg = Release|Any CPU
		{A6237B8E-0AA1-4610-98C7-1DCC154A1535}.Release|x64.Build.0 = Release|Any CPU
		{A6237B8E-0AA1-4610-98C7-1DCC154A1535}.Release|x86.ActiveCfg = Release|Any CPU
		{A6237B8E-0AA1-4610-98C7-1DCC154A1535}.Release|x86.Build.0 = Release|Any CPU
		{54478C9C-CBDC-4796-94A7-47072453596E}.Debug|Any CPU.ActiveCfg = Debug|Any CPU
		{54478C9C-CBDC-4796-94A7-47072453596E}.Debug|Any CPU.Build.0 = Debug|Any CPU
		{54478C9C-CBDC-4796-94A7-47072453596E}.Debug|x64.ActiveCfg = Debug|Any CPU
		{54478C9C-CBDC-4796-94A7-47072453596E}.Debug|x64.Build.0 = Debug|Any CPU
		{54478C9C-CBDC-4796-94A7-47072453596E}.Debug|x86.ActiveCfg = Debug|Any CPU
		{54478C9C-CBDC-4796-94A7-47072453596E}.Debug|x86.Build.0 = Debug|Any CPU
		{54478C9C-CBDC-4796-94A7-47072453596E}.Release|Any CPU.ActiveCfg = Release|Any CPU
		{54478C9C-CBDC-4796-94A7-47072453596E}.Release|Any CPU.Build.0 = Release|Any CPU
		{54478C9C-CBDC-4796-94A7-47072453596E}.Release|x64.ActiveCfg = Release|Any CPU
		{54478C9C-CBDC-4796-94A7-47072453596E}.Release|x64.Build.0 = Release|Any CPU
		{54478C9C-CBDC-4796-94A7-47072453596E}.Release|x86.ActiveCfg = Release|Any CPU
		{54478C9C-CBDC-4796-94A7-47072453596E}.Release|x86.Build.0 = Release|Any CPU
		{1EB0ECAF-4A63-4C01-B715-530CE280F5EF}.Debug|Any CPU.ActiveCfg = Debug|Any CPU
		{1EB0ECAF-4A63-4C01-B715-530CE280F5EF}.Debug|Any CPU.Build.0 = Debug|Any CPU
		{1EB0ECAF-4A63-4C01-B715-530CE280F5EF}.Debug|x64.ActiveCfg = Debug|Any CPU
		{1EB0ECAF-4A63-4C01-B715-530CE280F5EF}.Debug|x64.Build.0 = Debug|Any CPU
		{1EB0ECAF-4A63-4C01-B715-530CE280F5EF}.Debug|x86.ActiveCfg = Debug|Any CPU
		{1EB0ECAF-4A63-4C01-B715-530CE280F5EF}.Debug|x86.Build.0 = Debug|Any CPU
		{1EB0ECAF-4A63-4C01-B715-530CE280F5EF}.Release|Any CPU.ActiveCfg = Release|Any CPU
		{1EB0ECAF-4A63-4C01-B715-530CE280F5EF}.Release|Any CPU.Build.0 = Release|Any CPU
		{1EB0ECAF-4A63-4C01-B715-530CE280F5EF}.Release|x64.ActiveCfg = Release|Any CPU
		{1EB0ECAF-4A63-4C01-B715-530CE280F5EF}.Release|x64.Build.0 = Release|Any CPU
		{1EB0ECAF-4A63-4C01-B715-530CE280F5EF}.Release|x86.ActiveCfg = Release|Any CPU
		{1EB0ECAF-4A63-4C01-B715-530CE280F5EF}.Release|x86.Build.0 = Release|Any CPU
		{D6E4D02F-4EE0-4533-B8DC-C84DBEAAD232}.Debug|Any CPU.ActiveCfg = Debug|Any CPU
		{D6E4D02F-4EE0-4533-B8DC-C84DBEAAD232}.Debug|Any CPU.Build.0 = Debug|Any CPU
		{D6E4D02F-4EE0-4533-B8DC-C84DBEAAD232}.Debug|x64.ActiveCfg = Debug|Any CPU
		{D6E4D02F-4EE0-4533-B8DC-C84DBEAAD232}.Debug|x64.Build.0 = Debug|Any CPU
		{D6E4D02F-4EE0-4533-B8DC-C84DBEAAD232}.Debug|x86.ActiveCfg = Debug|Any CPU
		{D6E4D02F-4EE0-4533-B8DC-C84DBEAAD232}.Debug|x86.Build.0 = Debug|Any CPU
		{D6E4D02F-4EE0-4533-B8DC-C84DBEAAD232}.Release|Any CPU.ActiveCfg = Release|Any CPU
		{D6E4D02F-4EE0-4533-B8DC-C84DBEAAD232}.Release|Any CPU.Build.0 = Release|Any CPU
		{D6E4D02F-4EE0-4533-B8DC-C84DBEAAD232}.Release|x64.ActiveCfg = Release|Any CPU
		{D6E4D02F-4EE0-4533-B8DC-C84DBEAAD232}.Release|x64.Build.0 = Release|Any CPU
		{D6E4D02F-4EE0-4533-B8DC-C84DBEAAD232}.Release|x86.ActiveCfg = Release|Any CPU
		{D6E4D02F-4EE0-4533-B8DC-C84DBEAAD232}.Release|x86.Build.0 = Release|Any CPU
		{720AF028-DC26-4A46-A260-7E54C8FDD7C8}.Debug|Any CPU.ActiveCfg = Debug|Any CPU
		{720AF028-DC26-4A46-A260-7E54C8FDD7C8}.Debug|Any CPU.Build.0 = Debug|Any CPU
		{720AF028-DC26-4A46-A260-7E54C8FDD7C8}.Debug|x64.ActiveCfg = Debug|Any CPU
		{720AF028-DC26-4A46-A260-7E54C8FDD7C8}.Debug|x64.Build.0 = Debug|Any CPU
		{720AF028-DC26-4A46-A260-7E54C8FDD7C8}.Debug|x86.ActiveCfg = Debug|Any CPU
		{720AF028-DC26-4A46-A260-7E54C8FDD7C8}.Debug|x86.Build.0 = Debug|Any CPU
		{720AF028-DC26-4A46-A260-7E54C8FDD7C8}.Release|Any CPU.ActiveCfg = Release|Any CPU
		{720AF028-DC26-4A46-A260-7E54C8FDD7C8}.Release|Any CPU.Build.0 = Release|Any CPU
		{720AF028-DC26-4A46-A260-7E54C8FDD7C8}.Release|x64.ActiveCfg = Release|Any CPU
		{720AF028-DC26-4A46-A260-7E54C8FDD7C8}.Release|x64.Build.0 = Release|Any CPU
		{720AF028-DC26-4A46-A260-7E54C8FDD7C8}.Release|x86.ActiveCfg = Release|Any CPU
		{720AF028-DC26-4A46-A260-7E54C8FDD7C8}.Release|x86.Build.0 = Release|Any CPU
		{623BD6B1-03D9-41ED-A05B-FA1001C8749A}.Debug|Any CPU.ActiveCfg = Debug|Any CPU
		{623BD6B1-03D9-41ED-A05B-FA1001C8749A}.Debug|Any CPU.Build.0 = Debug|Any CPU
		{623BD6B1-03D9-41ED-A05B-FA1001C8749A}.Debug|x64.ActiveCfg = Debug|Any CPU
		{623BD6B1-03D9-41ED-A05B-FA1001C8749A}.Debug|x64.Build.0 = Debug|Any CPU
		{623BD6B1-03D9-41ED-A05B-FA1001C8749A}.Debug|x86.ActiveCfg = Debug|Any CPU
		{623BD6B1-03D9-41ED-A05B-FA1001C8749A}.Debug|x86.Build.0 = Debug|Any CPU
		{623BD6B1-03D9-41ED-A05B-FA1001C8749A}.Release|Any CPU.ActiveCfg = Release|Any CPU
		{623BD6B1-03D9-41ED-A05B-FA1001C8749A}.Release|Any CPU.Build.0 = Release|Any CPU
		{623BD6B1-03D9-41ED-A05B-FA1001C8749A}.Release|x64.ActiveCfg = Release|Any CPU
		{623BD6B1-03D9-41ED-A05B-FA1001C8749A}.Release|x64.Build.0 = Release|Any CPU
		{623BD6B1-03D9-41ED-A05B-FA1001C8749A}.Release|x86.ActiveCfg = Release|Any CPU
		{623BD6B1-03D9-41ED-A05B-FA1001C8749A}.Release|x86.Build.0 = Release|Any CPU
	EndGlobalSection
	GlobalSection(SolutionProperties) = preSolution
		HideSolutionNode = FALSE
	EndGlobalSection
	GlobalSection(NestedProjects) = preSolution
		{97A27E2B-2D5F-4A33-BA11-399E06BA696D} = {E7BDDBC6-9FD1-D1D7-ACD8-2C4F8E3D2461}
		{A6237B8E-0AA1-4610-98C7-1DCC154A1535} = {5854FF58-B8C5-05C6-5BF2-ACE42193F22B}
		{54478C9C-CBDC-4796-94A7-47072453596E} = {5854FF58-B8C5-05C6-5BF2-ACE42193F22B}
		{1EB0ECAF-4A63-4C01-B715-530CE280F5EF} = {5854FF58-B8C5-05C6-5BF2-ACE42193F22B}
		{D6E4D02F-4EE0-4533-B8DC-C84DBEAAD232} = {5854FF58-B8C5-05C6-5BF2-ACE42193F22B}
		{720AF028-DC26-4A46-A260-7E54C8FDD7C8} = {5854FF58-B8C5-05C6-5BF2-ACE42193F22B}
		{623BD6B1-03D9-41ED-A05B-FA1001C8749A} = {4F52FD11-658E-A102-6CD3-7D7C16FFA15B}
	EndGlobalSection
EndGlobal
